// !$*UTF8*$!
{
	archiveVersion = 1;
	classes = {
	};
	objectVersion = 77;
	objects = {

/* Begin PBXBuildFile section */
		0BC592502FD1B9550099B7EB /* WebView.swift in Sources */ = {isa = PBXBuildFile; fileRef = 0BC5924F2FD1B9550099B7EB /* WebView.swift */; };
		8AF77ABEC55F9CE864B9B3A5 /* Pods_DownloadManager.framework in Frameworks */ = {isa = PBXBuildFile; fileRef = 986AEB27536E4563EB1A7D82 /* Pods_DownloadManager.framework */; };
		A1B2C3D4E5F6A7B8C9D0E1F15 /* DownloadManagerMac/App.swift in Sources */ = {isa = PBXBuildFile; fileRef = A1B2C3D4E5F6A7B8C9D0E1F10 /* DownloadManagerMac/App.swift */; };
		A1B2C3D4E5F6A7B8C9D0E1F16 /* DownloadManagerMac/MainView.swift in Sources */ = {isa = PBXBuildFile; fileRef = A1B2C3D4E5F6A7B8C9D0E1F11 /* DownloadManagerMac/MainView.swift */; };
		A1B2C3D4E5F6A7B8C9D0E1F17 /* DownloadManagerMac/AddDownloadView.swift in Sources */ = {isa = PBXBuildFile; fileRef = A1B2C3D4E5F6A7B8C9D0E1F12 /* DownloadManagerMac/AddDownloadView.swift */; };
		A1B2C3D4E5F6A7B8C9D0E1F19 /* DownloadManagerMac/FileExplorerView.swift in Sources */ = {isa = PBXBuildFile; fileRef = A1B2C3D4E5F6A7B8C9D0E1F14 /* DownloadManagerMac/FileExplorerView.swift */; };
		A1B2C3D4E5F6A7B8C9D0E1F23 /* DownloadManagerMac/SettingsView.swift in Sources */ = {isa = PBXBuildFile; fileRef = A1B2C3D4E5F6A7B8C9D0E1F21 /* DownloadManagerMac/SettingsView.swift */; };
		AD930189F80C4B283A628E28 /* Pods_DownloadManagerTests.framework in Frameworks */ = {isa = PBXBuildFile; fileRef = 8FEE68628B932D1AE8AEDB10 /* Pods_DownloadManagerTests.framework */; };
		E9727A6E9B3D9010737D25BA /* Pods_DownloadManagerMac.framework in Frameworks */ = {isa = PBXBuildFile; fileRef = 4A925832CEC7FD31A5A817D1 /* Pods_DownloadManagerMac.framework */; };
/* End PBXBuildFile section */

/* Begin PBXContainerItemProxy section */
		0B88EC5A2FC7116C00F9C352 /* PBXContainerItemProxy */ = {
			isa = PBXContainerItemProxy;
			containerPortal = 0B88EC412FC7116A00F9C352 /* Project object */;
			proxyType = 1;
			remoteGlobalIDString = 0B88EC482FC7116A00F9C352;
			remoteInfo = DownloadManager;
		};
		0B88EC642FC7116C00F9C352 /* PBXContainerItemProxy */ = {
			isa = PBXContainerItemProxy;
			containerPortal = 0B88EC412FC7116A00F9C352 /* Project object */;
			proxyType = 1;
			remoteGlobalIDString = 0B88EC482FC7116A00F9C352;
			remoteInfo = DownloadManager;
		};
/* End PBXContainerItemProxy section */

/* Begin PBXFileReference section */
		0B88EC492FC7116A00F9C352 /* DownloadManager.app */ = {isa = PBXFileReference; explicitFileType = wrapper.application; includeInIndex = 0; path = DownloadManager.app; sourceTree = BUILT_PRODUCTS_DIR; };
		0B88EC592FC7116C00F9C352 /* DownloadManagerTests.xctest */ = {isa = PBXFileReference; explicitFileType = wrapper.cfbundle; includeInIndex = 0; path = DownloadManagerTests.xctest; sourceTree = BUILT_PRODUCTS_DIR; };
		0B88EC632FC7116C00F9C352 /* DownloadManagerUITests.xctest */ = {isa = PBXFileReference; explicitFileType = wrapper.cfbundle; includeInIndex = 0; path = DownloadManagerUITests.xctest; sourceTree = BUILT_PRODUCTS_DIR; };
		0BC5924F2FD1B9550099B7EB /* WebView.swift */ = {isa = PBXFileReference; lastKnownFileType = sourcecode.swift; name = WebView.swift; path = DownloadManagerMac/WebView.swift; sourceTree = "<group>"; };
		0BE12A592FCF05B000EFEFB9 /* DownloadManagerMac.app */ = {isa = PBXFileReference; explicitFileType = wrapper.application; includeInIndex = 0; path = DownloadManagerMac.app; sourceTree = BUILT_PRODUCTS_DIR; };
		4A925832CEC7FD31A5A817D1 /* Pods_DownloadManagerMac.framework */ = {isa = PBXFileReference; explicitFileType = wrapper.framework; includeInIndex = 0; path = Pods_DownloadManagerMac.framework; sourceTree = BUILT_PRODUCTS_DIR; };
		4E8921648ED0209953A7C987 /* Pods-DownloadManager.debug.xcconfig */ = {isa = PBXFileReference; includeInIndex = 1; lastKnownFileType = text.xcconfig; name = "Pods-DownloadManager.debug.xcconfig"; path = "Target Support Files/Pods-DownloadManager/Pods-DownloadManager.debug.xcconfig"; sourceTree = "<group>"; };
		8FEE68628B932D1AE8AEDB10 /* Pods_DownloadManagerTests.framework */ = {isa = PBXFileReference; explicitFileType = wrapper.framework; includeInIndex = 0; path = Pods_DownloadManagerTests.framework; sourceTree = BUILT_PRODUCTS_DIR; };
		986AEB27536E4563EB1A7D82 /* Pods_DownloadManager.framework */ = {isa = PBXFileReference; explicitFileType = wrapper.framework; includeInIndex = 0; path = Pods_DownloadManager.framework; sourceTree = BUILT_PRODUCTS_DIR; };
		A1B2C3D4E5F6A7B8C9D0E1F10 /* DownloadManagerMac/App.swift */ = {isa = PBXFileReference; lastKnownFileType = sourcecode.swift; path = DownloadManagerMac/App.swift; sourceTree = "<group>"; };
		A1B2C3D4E5F6A7B8C9D0E1F11 /* DownloadManagerMac/MainView.swift */ = {isa = PBXFileReference; lastKnownFileType = sourcecode.swift; path = DownloadManagerMac/MainView.swift; sourceTree = "<group>"; };
		A1B2C3D4E5F6A7B8C9D0E1F12 /* DownloadManagerMac/AddDownloadView.swift */ = {isa = PBXFileReference; lastKnownFileType = sourcecode.swift; path = DownloadManagerMac/AddDownloadView.swift; sourceTree = "<group>"; };
		A1B2C3D4E5F6A7B8C9D0E1F14 /* DownloadManagerMac/FileExplorerView.swift */ = {isa = PBXFileReference; lastKnownFileType = sourcecode.swift; path = DownloadManagerMac/FileExplorerView.swift; sourceTree = "<group>"; };
		A1B2C3D4E5F6A7B8C9D0E1F21 /* DownloadManagerMac/SettingsView.swift */ = {isa = PBXFileReference; lastKnownFileType = sourcecode.swift; path = DownloadManagerMac/SettingsView.swift; sourceTree = "<group>"; };
		A647695F19602F166936AC8F /* Pods-DownloadManagerTests.debug.xcconfig */ = {isa = PBXFileReference; includeInIndex = 1; lastKnownFileType = text.xcconfig; name = "Pods-DownloadManagerTests.debug.xcconfig"; path = "Target Support Files/Pods-DownloadManagerTests/Pods-DownloadManagerTests.debug.xcconfig"; sourceTree = "<group>"; };
		B64B586DFBA94592E7C96ADD /* Pods-DownloadManagerMac.debug.xcconfig */ = {isa = PBXFileReference; includeInIndex = 1; lastKnownFileType = text.xcconfig; name = "Pods-DownloadManagerMac.debug.xcconfig"; path = "Target Support Files/Pods-DownloadManagerMac/Pods-DownloadManagerMac.debug.xcconfig"; sourceTree = "<group>"; };
		BB803A6E233B68CA041B73FD /* Pods-DownloadManager.release.xcconfig */ = {isa = PBXFileReference; includeInIndex = 1; lastKnownFileType = text.xcconfig; name = "Pods-DownloadManager.release.xcconfig"; path = "Target Support Files/Pods-DownloadManager/Pods-DownloadManager.release.xcconfig"; sourceTree = "<group>"; };
		BEA613F670131F95FD95164F /* Pods-DownloadManagerMac.release.xcconfig */ = {isa = PBXFileReference; includeInIndex = 1; lastKnownFileType = text.xcconfig; name = "Pods-DownloadManagerMac.release.xcconfig"; path = "Target Support Files/Pods-DownloadManagerMac/Pods-DownloadManagerMac.release.xcconfig"; sourceTree = "<group>"; };
		DFEA2BCCA9C6CFB18CDD4438 /* Pods-DownloadManagerTests.release.xcconfig */ = {isa = PBXFileReference; includeInIndex = 1; lastKnownFileType = text.xcconfig; name = "Pods-DownloadManagerTests.release.xcconfig"; path = "Target Support Files/Pods-DownloadManagerTests/Pods-DownloadManagerTests.release.xcconfig"; sourceTree = "<group>"; };
/* End PBXFileReference section */

/* Begin PBXFileSystemSynchronizedRootGroup section */
		0B88EC4B2FC7116A00F9C352 /* DownloadManager */ = {
			isa = PBXFileSystemSynchronizedRootGroup;
			path = DownloadManager;
			sourceTree = "<group>";
		};
		0B88EC5C2FC7116C00F9C352 /* DownloadManagerTests */ = {
			isa = PBXFileSystemSynchronizedRootGroup;
			path = DownloadManagerTests;
			sourceTree = "<group>";
		};
		0B88EC662FC7116C00F9C352 /* DownloadManagerUITests */ = {
			isa = PBXFileSystemSynchronizedRootGroup;
			path = DownloadManagerUITests;
			sourceTree = "<group>";
		};
/* End PBXFileSystemSynchronizedRootGroup section */

/* Begin PBXFrameworksBuildPhase section */
		0B88EC462FC7116A00F9C352 /* Frameworks */ = {
			isa = PBXFrameworksBuildPhase;
			buildActionMask = 2147483647;
			files = (
				8AF77ABEC55F9CE864B9B3A5 /* Pods_DownloadManager.framework in Frameworks */,
			);
			runOnlyForDeploymentPostprocessing = 0;
		};
		0B88EC562FC7116C00F9C352 /* Frameworks */ = {
			isa = PBXFrameworksBuildPhase;
			buildActionMask = 2147483647;
			files = (
				AD930189F80C4B283A628E28 /* Pods_DownloadManagerTests.framework in Frameworks */,
			);
			runOnlyForDeploymentPostprocessing = 0;
		};
		0B88EC602FC7116C00F9C352 /* Frameworks */ = {
			isa = PBXFrameworksBuildPhase;
			buildActionMask = 2147483647;
			files = (
			);
			runOnlyForDeploymentPostprocessing = 0;
		};
		A1B2C3D4E5F6A7B8C9D0E1F5 /* Frameworks */ = {
			isa = PBXFrameworksBuildPhase;
			buildActionMask = 2147483647;
			files = (
				E9727A6E9B3D9010737D25BA /* Pods_DownloadManagerMac.framework in Frameworks */,
			);
			runOnlyForDeploymentPostprocessing = 0;
		};
/* End PBXFrameworksBuildPhase section */

/* Begin PBXGroup section */
		0B88EC402FC7116A00F9C352 = {
			isa = PBXGroup;
			children = (
				0B88EC4B2FC7116A00F9C352 /* DownloadManager */,
				0B88EC5C2FC7116C00F9C352 /* DownloadManagerTests */,
				0B88EC662FC7116C00F9C352 /* DownloadManagerUITests */,
				0B88EC4A2FC7116A00F9C352 /* Products */,
				6F761FBF2AD50749EEAA77A0 /* Pods */,
				C43583E30A6DC1DB09FE583C /* Frameworks */,
				0BE12A582FCF05B000EFEFB9 /* Recovered References */,
			);
			sourceTree = "<group>";
		};
		0B88EC4A2FC7116A00F9C352 /* Products */ = {
			isa = PBXGroup;
			children = (
				0B88EC492FC7116A00F9C352 /* DownloadManager.app */,
				0B88EC592FC7116C00F9C352 /* DownloadManagerTests.xctest */,
				0B88EC632FC7116C00F9C352 /* DownloadManagerUITests.xctest */,
				0BE12A592FCF05B000EFEFB9 /* DownloadManagerMac.app */,
			);
			name = Products;
			sourceTree = "<group>";
		};
		0BE12A582FCF05B000EFEFB9 /* Recovered References */ = {
			isa = PBXGroup;
			children = (
				0BC5924F2FD1B9550099B7EB /* WebView.swift */,
				A1B2C3D4E5F6A7B8C9D0E1F10 /* DownloadManagerMac/App.swift */,
				A1B2C3D4E5F6A7B8C9D0E1F11 /* DownloadManagerMac/MainView.swift */,
				A1B2C3D4E5F6A7B8C9D0E1F12 /* DownloadManagerMac/AddDownloadView.swift */,
				A1B2C3D4E5F6A7B8C9D0E1F14 /* DownloadManagerMac/FileExplorerView.swift */,
				A1B2C3D4E5F6A7B8C9D0E1F21 /* DownloadManagerMac/SettingsView.swift */,
			);
			name = "Recovered References";
			sourceTree = "<group>";
		};
		6F761FBF2AD50749EEAA77A0 /* Pods */ = {
			isa = PBXGroup;
			children = (
				4E8921648ED0209953A7C987 /* Pods-DownloadManager.debug.xcconfig */,
				BB803A6E233B68CA041B73FD /* Pods-DownloadManager.release.xcconfig */,
				A647695F19602F166936AC8F /* Pods-DownloadManagerTests.debug.xcconfig */,
				DFEA2BCCA9C6CFB18CDD4438 /* Pods-DownloadManagerTests.release.xcconfig */,
				B64B586DFBA94592E7C96ADD /* Pods-DownloadManagerMac.debug.xcconfig */,
				BEA613F670131F95FD95164F /* Pods-DownloadManagerMac.release.xcconfig */,
			);
			path = Pods;
			sourceTree = "<group>";
		};
		C43583E30A6DC1DB09FE583C /* Frameworks */ = {
			isa = PBXGroup;
			children = (
				986AEB27536E4563EB1A7D82 /* Pods_DownloadManager.framework */,
				8FEE68628B932D1AE8AEDB10 /* Pods_DownloadManagerTests.framework */,
				4A925832CEC7FD31A5A817D1 /* Pods_DownloadManagerMac.framework */,
			);
			name = Frameworks;
			sourceTree = "<group>";
		};
/* End PBXGroup section */

/* Begin PBXNativeTarget section */
		0B88EC482FC7116A00F9C352 /* DownloadManager */ = {
			isa = PBXNativeTarget;
			buildConfigurationList = 0B88EC6D2FC7116C00F9C352 /* Build configuration list for PBXNativeTarget "DownloadManager" */;
			buildPhases = (
				AF5D516E63A9991AC23B5779 /* [CP] Check Pods Manifest.lock */,
				0B88EC452FC7116A00F9C352 /* Sources */,
				0B88EC462FC7116A00F9C352 /* Frameworks */,
				0B88EC472FC7116A00F9C352 /* Resources */,
				52B765A08B35D05A111F3423 /* [CP] Copy Pods Resources */,
			);
			buildRules = (
			);
			dependencies = (
			);
			fileSystemSynchronizedGroups = (
				0B88EC4B2FC7116A00F9C352 /* DownloadManager */,
			);
			name = DownloadManager;
			productName = DownloadManager;
			productReference = 0B88EC492FC7116A00F9C352 /* DownloadManager.app */;
			productType = "com.apple.product-type.application";
		};
		0B88EC582FC7116C00F9C352 /* DownloadManagerTests */ = {
			isa = PBXNativeTarget;
			buildConfigurationList = 0B88EC702FC7116C00F9C352 /* Build configuration list for PBXNativeTarget "DownloadManagerTests" */;
			buildPhases = (
				C375FD5F8FDD7DBD0F4372F2 /* [CP] Check Pods Manifest.lock */,
				0B88EC552FC7116C00F9C352 /* Sources */,
				0B88EC562FC7116C00F9C352 /* Frameworks */,
				0B88EC572FC7116C00F9C352 /* Resources */,
				9B72BA97E5751EF7E561791B /* [CP] Copy Pods Resources */,
			);
			buildRules = (
			);
			dependencies = (
				0B88EC5B2FC7116C00F9C352 /* PBXTargetDependency */,
			);
			fileSystemSynchronizedGroups = (
				0B88EC5C2FC7116C00F9C352 /* DownloadManagerTests */,
			);
			name = DownloadManagerTests;
			productName = DownloadManagerTests;
			productReference = 0B88EC592FC7116C00F9C352 /* DownloadManagerTests.xctest */;
			productType = "com.apple.product-type.bundle.unit-test";
		};
		0B88EC622FC7116C00F9C352 /* DownloadManagerUITests */ = {
			isa = PBXNativeTarget;
			buildConfigurationList = 0B88EC732FC7116C00F9C352 /* Build configuration list for PBXNativeTarget "DownloadManagerUITests" */;
			buildPhases = (
				0B88EC5F2FC7116C00F9C352 /* Sources */,
				0B88EC602FC7116C00F9C352 /* Frameworks */,
				0B88EC612FC7116C00F9C352 /* Resources */,
			);
			buildRules = (
			);
			dependencies = (
				0B88EC652FC7116C00F9C352 /* PBXTargetDependency */,
			);
			fileSystemSynchronizedGroups = (
				0B88EC662FC7116C00F9C352 /* DownloadManagerUITests */,
			);
			name = DownloadManagerUITests;
			productName = DownloadManagerUITests;
			productReference = 0B88EC632FC7116C00F9C352 /* DownloadManagerUITests.xctest */;
			productType = "com.apple.product-type.bundle.ui-testing";
		};
		A1B2C3D4E5F6A7B8C9D0E1F4 /* DownloadManagerMac */ = {
			isa = PBXNativeTarget;
			buildConfigurationList = A1B2C3D4E5F6A7B8C9D0E1F6 /* Build configuration list for PBXNativeTarget "DownloadManagerMac" */;
			buildPhases = (
				210092D6D9394567D10200CB /* [CP] Check Pods Manifest.lock */,
				A1B2C3D4E5F6A7B8C9D0E1F7 /* Sources */,
				A1B2C3D4E5F6A7B8C9D0E1F5 /* Frameworks */,
				A1B2C3D4E5F6A7B8C9D0E1F8 /* Resources */,
				C68DFDED3B5350CC21C20C73 /* [CP] Copy Pods Resources */,
			);
			buildRules = (
			);
			dependencies = (
			);
			fileSystemSynchronizedGroups = (
				0B88EC4B2FC7116A00F9C352 /* DownloadManager */,
			);
			name = DownloadManagerMac;
			productName = DownloadManagerMac;
			productReference = 0BE12A592FCF05B000EFEFB9 /* DownloadManagerMac.app */;
			productType = "com.apple.product-type.application";
		};
/* End PBXNativeTarget section */

/* Begin PBXProject section */
		0B88EC412FC7116A00F9C352 /* Project object */ = {
			isa = PBXProject;
			attributes = {
				BuildIndependentTargetsInParallel = 1;
				LastSwiftUpdateCheck = 1620;
				LastUpgradeCheck = 1620;
				TargetAttributes = {
					0B88EC482FC7116A00F9C352 = {
						CreatedOnToolsVersion = 16.2;
					};
					0B88EC582FC7116C00F9C352 = {
						CreatedOnToolsVersion = 16.2;
						TestTargetID = 0B88EC482FC7116A00F9C352;
					};
					0B88EC622FC7116C00F9C352 = {
						CreatedOnToolsVersion = 16.2;
						TestTargetID = 0B88EC482FC7116A00F9C352;
					};
				};
			};
			buildConfigurationList = 0B88EC442FC7116A00F9C352 /* Build configuration list for PBXProject "DownloadManager" */;
			developmentRegion = en;
			hasScannedForEncodings = 0;
			knownRegions = (
				en,
				Base,
			);
			mainGroup = 0B88EC402FC7116A00F9C352;
			minimizedProjectReferenceProxies = 1;
			preferredProjectObjectVersion = 77;
			productRefGroup = 0B88EC4A2FC7116A00F9C352 /* Products */;
			projectDirPath = "";
			projectRoot = "";
			targets = (
				0B88EC482FC7116A00F9C352 /* DownloadManager */,
				0B88EC582FC7116C00F9C352 /* DownloadManagerTests */,
				0B88EC622FC7116C00F9C352 /* DownloadManagerUITests */,
				A1B2C3D4E5F6A7B8C9D0E1F4 /* DownloadManagerMac */,
			);
		};
/* End PBXProject section */

/* Begin PBXResourcesBuildPhase section */
		0B88EC472FC7116A00F9C352 /* Resources */ = {
			isa = PBXResourcesBuildPhase;
			buildActionMask = 2147483647;
			files = (
			);
			runOnlyForDeploymentPostprocessing = 0;
		};
		0B88EC572FC7116C00F9C352 /* Resources */ = {
			isa = PBXResourcesBuildPhase;
			buildActionMask = 2147483647;
			files = (
			);
			runOnlyForDeploymentPostprocessing = 0;
		};
		0B88EC612FC7116C00F9C352 /* Resources */ = {
			isa = PBXResourcesBuildPhase;
			buildActionMask = 2147483647;
			files = (
			);
			runOnlyForDeploymentPostprocessing = 0;
		};
		A1B2C3D4E5F6A7B8C9D0E1F8 /* Resources */ = {
			isa = PBXResourcesBuildPhase;
			buildActionMask = 2147483647;
			files = (
			);
			runOnlyForDeploymentPostprocessing = 0;
		};
/* End PBXResourcesBuildPhase section */

/* Begin PBXShellScriptBuildPhase section */
		210092D6D9394567D10200CB /* [CP] Check Pods Manifest.lock */ = {
			isa = PBXShellScriptBuildPhase;
			buildActionMask = 2147483647;
			files = (
			);
			inputFileListPaths = (
			);
			inputPaths = (
				"${PODS_PODFILE_DIR_PATH}/Podfile.lock",
				"${PODS_ROOT}/Manifest.lock",
			);
			name = "[CP] Check Pods Manifest.lock";
			outputFileListPaths = (
			);
			outputPaths = (
				"$(DERIVED_FILE_DIR)/Pods-DownloadManagerMac-checkManifestLockResult.txt",
			);
			runOnlyForDeploymentPostprocessing = 0;
			shellPath = /bin/sh;
			shellScript = "diff \"${PODS_PODFILE_DIR_PATH}/Podfile.lock\" \"${PODS_ROOT}/Manifest.lock\" > /dev/null\nif [ $? != 0 ] ; then\n    # print error to STDERR\n    echo \"error: The sandbox is not in sync with the Podfile.lock. Run 'pod install' or update your CocoaPods installation.\" >&2\n    exit 1\nfi\n# This output is used by Xcode 'outputs' to avoid re-running this script phase.\necho \"SUCCESS\" > \"${SCRIPT_OUTPUT_FILE_0}\"\n";
			showEnvVarsInLog = 0;
		};
		52B765A08B35D05A111F3423 /* [CP] Copy Pods Resources */ = {
			isa = PBXShellScriptBuildPhase;
			buildActionMask = 2147483647;
			files = (
			);
			inputFileListPaths = (
				"${PODS_ROOT}/Target Support Files/Pods-DownloadManager/Pods-DownloadManager-resources-${CONFIGURATION}-input-files.xcfilelist",
			);
			inputPaths = (
			);
			name = "[CP] Copy Pods Resources";
			outputFileListPaths = (
				"${PODS_ROOT}/Target Support Files/Pods-DownloadManager/Pods-DownloadManager-resources-${CONFIGURATION}-output-files.xcfilelist",
			);
			outputPaths = (
			);
			runOnlyForDeploymentPostprocessing = 0;
			shellPath = /bin/sh;
			shellScript = "\"${PODS_ROOT}/Target Support Files/Pods-DownloadManager/Pods-DownloadManager-resources.sh\"\n";
			showEnvVarsInLog = 0;
		};
		9B72BA97E5751EF7E561791B /* [CP] Copy Pods Resources */ = {
			isa = PBXShellScriptBuildPhase;
			buildActionMask = 2147483647;
			files = (
			);
			inputFileListPaths = (
				"${PODS_ROOT}/Target Support Files/Pods-DownloadManagerTests/Pods-DownloadManagerTests-resources-${CONFIGURATION}-input-files.xcfilelist",
			);
			inputPaths = (
			);
			name = "[CP] Copy Pods Resources";
			outputFileListPaths = (
				"${PODS_ROOT}/Target Support Files/Pods-DownloadManagerTests/Pods-DownloadManagerTests-resources-${CONFIGURATION}-output-files.xcfilelist",
			);
			outputPaths = (
			);
			runOnlyForDeploymentPostprocessing = 0;
			shellPath = /bin/sh;
			shellScript = "\"${PODS_ROOT}/Target Support Files/Pods-DownloadManagerTests/Pods-DownloadManagerTests-resources.sh\"\n";
			showEnvVarsInLog = 0;
		};
		AF5D516E63A9991AC23B5779 /* [CP] Check Pods Manifest.lock */ = {
			isa = PBXShellScriptBuildPhase;
			buildActionMask = 2147483647;
			files = (
			);
			inputFileListPaths = (
			);
			inputPaths = (
				"${PODS_PODFILE_DIR_PATH}/Podfile.lock",
				"${PODS_ROOT}/Manifest.lock",
			);
			name = "[CP] Check Pods Manifest.lock";
			outputFileListPaths = (
			);
			outputPaths = (
				"$(DERIVED_FILE_DIR)/Pods-DownloadManager-checkManifestLockResult.txt",
			);
			runOnlyForDeploymentPostprocessing = 0;
			shellPath = /bin/sh;
			shellScript = "diff \"${PODS_PODFILE_DIR_PATH}/Podfile.lock\" \"${PODS_ROOT}/Manifest.lock\" > /dev/null\nif [ $? != 0 ] ; then\n    # print error to STDERR\n    echo \"error: The sandbox is not in sync with the Podfile.lock. Run 'pod install' or update your CocoaPods installation.\" >&2\n    exit 1\nfi\n# This output is used by Xcode 'outputs' to avoid re-running this script phase.\necho \"SUCCESS\" > \"${SCRIPT_OUTPUT_FILE_0}\"\n";
			showEnvVarsInLog = 0;
		};
		C375FD5F8FDD7DBD0F4372F2 /* [CP] Check Pods Manifest.lock */ = {
			isa = PBXShellScriptBuildPhase;
			buildActionMask = 2147483647;
			files = (
			);
			inputFileListPaths = (
			);
			inputPaths = (
				"${PODS_PODFILE_DIR_PATH}/Podfile.lock",
				"${PODS_ROOT}/Manifest.lock",
			);
			name = "[CP] Check Pods Manifest.lock";
			outputFileListPaths = (
			);
			outputPaths = (
				"$(DERIVED_FILE_DIR)/Pods-DownloadManagerTests-checkManifestLockResult.txt",
			);
			runOnlyForDeploymentPostprocessing = 0;
			shellPath = /bin/sh;
			shellScript = "diff \"${PODS_PODFILE_DIR_PATH}/Podfile.lock\" \"${PODS_ROOT}/Manifest.lock\" > /dev/null\nif [ $? != 0 ] ; then\n    # print error to STDERR\n    echo \"error: The sandbox is not in sync with the Podfile.lock. Run 'pod install' or update your CocoaPods installation.\" >&2\n    exit 1\nfi\n# This output is used by Xcode 'outputs' to avoid re-running this script phase.\necho \"SUCCESS\" > \"${SCRIPT_OUTPUT_FILE_0}\"\n";
			showEnvVarsInLog = 0;
		};
		C68DFDED3B5350CC21C20C73 /* [CP] Copy Pods Resources */ = {
			isa = PBXShellScriptBuildPhase;
			buildActionMask = 2147483647;
			files = (
			);
			inputFileListPaths = (
				"${PODS_ROOT}/Target Support Files/Pods-DownloadManagerMac/Pods-DownloadManagerMac-resources-${CONFIGURATION}-input-files.xcfilelist",
			);
			inputPaths = (
			);
			name = "[CP] Copy Pods Resources";
			outputFileListPaths = (
				"${PODS_ROOT}/Target Support Files/Pods-DownloadManagerMac/Pods-DownloadManagerMac-resources-${CONFIGURATION}-output-files.xcfilelist",
			);
			outputPaths = (
			);
			runOnlyForDeploymentPostprocessing = 0;
			shellPath = /bin/sh;
			shellScript = "\"${PODS_ROOT}/Target Support Files/Pods-DownloadManagerMac/Pods-DownloadManagerMac-resources.sh\"\n";
			showEnvVarsInLog = 0;
		};
/* End PBXShellScriptBuildPhase section */

/* Begin PBXSourcesBuildPhase section */
		0B88EC452FC7116A00F9C352 /* Sources */ = {
			isa = PBXSourcesBuildPhase;
			buildActionMask = 2147483647;
			files = (
			);
			runOnlyForDeploymentPostprocessing = 0;
		};
		0B88EC552FC7116C00F9C352 /* Sources */ = {
			isa = PBXSourcesBuildPhase;
			buildActionMask = 2147483647;
			files = (
			);
			runOnlyForDeploymentPostprocessing = 0;
		};
		0B88EC5F2FC7116C00F9C352 /* Sources */ = {
			isa = PBXSourcesBuildPhase;
			buildActionMask = 2147483647;
			files = (
			);
			runOnlyForDeploymentPostprocessing = 0;
		};
		A1B2C3D4E5F6A7B8C9D0E1F7 /* Sources */ = {
			isa = PBXSourcesBuildPhase;
			buildActionMask = 2147483647;
			files = (
				0BC592502FD1B9550099B7EB /* WebView.swift in Sources */,
				A1B2C3D4E5F6A7B8C9D0E1F15 /* DownloadManagerMac/App.swift in Sources */,
				A1B2C3D4E5F6A7B8C9D0E1F16 /* DownloadManagerMac/MainView.swift in Sources */,
				A1B2C3D4E5F6A7B8C9D0E1F17 /* DownloadManagerMac/AddDownloadView.swift in Sources */,
				A1B2C3D4E5F6A7B8C9D0E1F19 /* DownloadManagerMac/FileExplorerView.swift in Sources */,
				A1B2C3D4E5F6A7B8C9D0E1F23 /* DownloadManagerMac/SettingsView.swift in Sources */,
			);
			runOnlyForDeploymentPostprocessing = 0;
		};
/* End PBXSourcesBuildPhase section */

/* Begin PBXTargetDependency section */
		0B88EC5B2FC7116C00F9C352 /* PBXTargetDependency */ = {
			isa = PBXTargetDependency;
			target = 0B88EC482FC7116A00F9C352 /* DownloadManager */;
			targetProxy = 0B88EC5A2FC7116C00F9C352 /* PBXContainerItemProxy */;
		};
		0B88EC652FC7116C00F9C352 /* PBXTargetDependency */ = {
			isa = PBXTargetDependency;
			target = 0B88EC482FC7116A00F9C352 /* DownloadManager */;
			targetProxy = 0B88EC642FC7116C00F9C352 /* PBXContainerItemProxy */;
		};
/* End PBXTargetDependency section */

/* Begin XCBuildConfiguration section */
		0B88EC6B2FC7116C00F9C352 /* Debug */ = {
			isa = XCBuildConfiguration;
			buildSettings = {
				ALWAYS_SEARCH_USER_PATHS = NO;
				ASSETCATALOG_COMPILER_GENERATE_SWIFT_ASSET_SYMBOL_EXTENSIONS = YES;
				CLANG_ANALYZER_NONNULL = YES;
				CLANG_ANALYZER_NUMBER_OBJECT_CONVERSION = YES_AGGRESSIVE;
				CLANG_CXX_LANGUAGE_STANDARD = "gnu++20";
				CLANG_ENABLE_MODULES = YES;
				CLANG_ENABLE_OBJC_ARC = YES;
				CLANG_ENABLE_OBJC_WEAK = YES;
				CLANG_WARN_BLOCK_CAPTURE_AUTORELEASING = YES;
				CLANG_WARN_BOOL_CONVERSION = YES;
				CLANG_WARN_COMMA = YES;
				CLANG_WARN_CONSTANT_CONVERSION = YES;
				CLANG_WARN_DEPRECATED_OBJC_IMPLEMENTATIONS = YES;
				CLANG_WARN_DIRECT_OBJC_ISA_USAGE = YES_ERROR;
				CLANG_WARN_DOCUMENTATION_COMMENTS = YES;
				CLANG_WARN_EMPTY_BODY = YES;
				CLANG_WARN_ENUM_CONVERSION = YES;
				CLANG_WARN_INFINITE_RECURSION = YES;
				CLANG_WARN_INT_CONVERSION = YES;
				CLANG_WARN_NON_LITERAL_NULL_CONVERSION = YES;
				CLANG_WARN_OBJC_IMPLICIT_RETAIN_SELF = YES;
				CLANG_WARN_OBJC_LITERAL_CONVERSION = YES;
				CLANG_WARN_OBJC_ROOT_CLASS = YES_ERROR;
				CLANG_WARN_QUOTED_INCLUDE_IN_FRAMEWORK_HEADER = YES;
				CLANG_WARN_RANGE_LOOP_ANALYSIS = YES;
				CLANG_WARN_STRICT_PROTOTYPES = YES;
				CLANG_WARN_SUSPICIOUS_MOVE = YES;
				CLANG_WARN_UNGUARDED_AVAILABILITY = YES_AGGRESSIVE;
				CLANG_WARN_UNREACHABLE_CODE = YES;
				CLANG_WARN__DUPLICATE_METHOD_MATCH = YES;
				COPY_PHASE_STRIP = NO;
				DEBUG_INFORMATION_FORMAT = dwarf;
				ENABLE_STRICT_OBJC_MSGSEND = YES;
				ENABLE_TESTABILITY = YES;
				ENABLE_USER_SCRIPT_SANDBOXING = NO;
				GCC_C_LANGUAGE_STANDARD = gnu17;
				GCC_DYNAMIC_NO_PIC = NO;
				GCC_NO_COMMON_BLOCKS = YES;
				GCC_OPTIMIZATION_LEVEL = 0;
				GCC_PREPROCESSOR_DEFINITIONS = (
					"DEBUG=1",
					"$(inherited)",
				);
				GCC_WARN_64_TO_32_BIT_CONVERSION = YES;
				GCC_WARN_ABOUT_RETURN_TYPE = YES_ERROR;
				GCC_WARN_UNDECLARED_SELECTOR = YES;
				GCC_WARN_UNINITIALIZED_AUTOS = YES_AGGRESSIVE;
				GCC_WARN_UNUSED_FUNCTION = YES;
				GCC_WARN_UNUSED_VARIABLE = YES;
				IPHONEOS_DEPLOYMENT_TARGET = 18.2;
				LOCALIZATION_PREFERS_STRING_CATALOGS = YES;
				MTL_ENABLE_DEBUG_INFO = INCLUDE_SOURCE;
				MTL_FAST_MATH = YES;
				ONLY_ACTIVE_ARCH = YES;
				SDKROOT = iphonesimulator;
				SWIFT_ACTIVE_COMPILATION_CONDITIONS = "DEBUG $(inherited)";
				SWIFT_OPTIMIZATION_LEVEL = "-Onone";
			};
			name = Debug;
		};
		0B88EC6C2FC7116C00F9C352 /* Release */ = {
			isa = XCBuildConfiguration;
			buildSettings = {
				ALWAYS_SEARCH_USER_PATHS = NO;
				ASSETCATALOG_COMPILER_GENERATE_SWIFT_ASSET_SYMBOL_EXTENSIONS = YES;
				CLANG_ANALYZER_NONNULL = YES;
				CLANG_ANALYZER_NUMBER_OBJECT_CONVERSION = YES_AGGRESSIVE;
				CLANG_CXX_LANGUAGE_STANDARD = "gnu++20";
				CLANG_ENABLE_MODULES = YES;
				CLANG_ENABLE_OBJC_ARC = YES;
				CLANG_ENABLE_OBJC_WEAK = YES;
				CLANG_WARN_BLOCK_CAPTURE_AUTORELEASING = YES;
				CLANG_WARN_BOOL_CONVERSION = YES;
				CLANG_WARN_COMMA = YES;
				CLANG_WARN_CONSTANT_CONVERSION = YES;
				CLANG_WARN_DEPRECATED_OBJC_IMPLEMENTATIONS = YES;
				CLANG_WARN_DIRECT_OBJC_ISA_USAGE = YES_ERROR;
				CLANG_WARN_DOCUMENTATION_COMMENTS = YES;
				CLANG_WARN_EMPTY_BODY = YES;
				CLANG_WARN_ENUM_CONVERSION = YES;
				CLANG_WARN_INFINITE_RECURSION = YES;
				CLANG_WARN_INT_CONVERSION = YES;
				CLANG_WARN_NON_LITERAL_NULL_CONVERSION = YES;
				CLANG_WARN_OBJC_IMPLICIT_RETAIN_SELF = YES;
				CLANG_WARN_OBJC_LITERAL_CONVERSION = YES;
				CLANG_WARN_OBJC_ROOT_CLASS = YES_ERROR;
				CLANG_WARN_QUOTED_INCLUDE_IN_FRAMEWORK_HEADER = YES;
				CLANG_WARN_RANGE_LOOP_ANALYSIS = YES;
				CLANG_WARN_STRICT_PROTOTYPES = YES;
				CLANG_WARN_SUSPICIOUS_MOVE = YES;
				CLANG_WARN_UNGUARDED_AVAILABILITY = YES_AGGRESSIVE;
				CLANG_WARN_UNREACHABLE_CODE = YES;
				CLANG_WARN__DUPLICATE_METHOD_MATCH = YES;
				COPY_PHASE_STRIP = NO;
				DEBUG_INFORMATION_FORMAT = "dwarf-with-dsym";
				ENABLE_NS_ASSERTIONS = NO;
				ENABLE_STRICT_OBJC_MSGSEND = YES;
				ENABLE_USER_SCRIPT_SANDBOXING = NO;
				GCC_C_LANGUAGE_STANDARD = gnu17;
				GCC_NO_COMMON_BLOCKS = YES;
				GCC_WARN_64_TO_32_BIT_CONVERSION = YES;
				GCC_WARN_ABOUT_RETURN_TYPE = YES_ERROR;
				GCC_WARN_UNDECLARED_SELECTOR = YES;
				GCC_WARN_UNINITIALIZED_AUTOS = YES_AGGRESSIVE;
				GCC_WARN_UNUSED_FUNCTION = YES;
				GCC_WARN_UNUSED_VARIABLE = YES;
				IPHONEOS_DEPLOYMENT_TARGET = 18.2;
				LOCALIZATION_PREFERS_STRING_CATALOGS = YES;
				MTL_ENABLE_DEBUG_INFO = NO;
				MTL_FAST_MATH = YES;
				SDKROOT = iphonesimulator;
				SWIFT_COMPILATION_MODE = wholemodule;
				VALIDATE_PRODUCT = YES;
			};
			name = Release;
		};
		0B88EC6E2FC7116C00F9C352 /* Debug */ = {
			isa = XCBuildConfiguration;
			baseConfigurationReference = 4E8921648ED0209953A7C987 /* Pods-DownloadManager.debug.xcconfig */;
			buildSettings = {
				ASSETCATALOG_COMPILER_APPICON_NAME = AppIcon;
				ASSETCATALOG_COMPILER_GLOBAL_ACCENT_COLOR_NAME = AccentColor;
				CODE_SIGN_STYLE = Automatic;
				CURRENT_PROJECT_VERSION = 1;
				DEVELOPMENT_ASSET_PATHS = "\"DownloadManager/Preview Content\"";
				DEVELOPMENT_TEAM = 466HP24FN5;
				ENABLE_PREVIEWS = YES;
				GENERATE_INFOPLIST_FILE = YES;
				INFOPLIST_KEY_NSPhotoLibraryAddUsageDescription = "需要访问相册来保存照片和视频";
				INFOPLIST_KEY_NSPhotoLibraryUsageDescription = "需要访问相册来分享照片和视频";
				INFOPLIST_KEY_UIApplicationSceneManifest_Generation = YES;
				INFOPLIST_KEY_UIApplicationSupportsIndirectInputEvents = YES;
				INFOPLIST_KEY_UILaunchScreen_Generation = YES;
				INFOPLIST_KEY_UISupportedInterfaceOrientations_iPad = "UIInterfaceOrientationPortrait UIInterfaceOrientationPortraitUpsideDown UIInterfaceOrientationLandscapeLeft UIInterfaceOrientationLandscapeRight";
				INFOPLIST_KEY_UISupportedInterfaceOrientations_iPhone = "UIInterfaceOrientationPortrait UIInterfaceOrientationLandscapeLeft UIInterfaceOrientationLandscapeRight";
				LD_RUNPATH_SEARCH_PATHS = (
					"$(inherited)",
					"@executable_path/Frameworks",
				);
				MARKETING_VERSION = 1.0;
				PRODUCT_BUNDLE_IDENTIFIER = com.acewei.DownloadManager;
				PRODUCT_NAME = "$(TARGET_NAME)";
				SWIFT_EMIT_LOC_STRINGS = YES;
				SWIFT_VERSION = 5.0;
				TARGETED_DEVICE_FAMILY = "1,2";
			};
			name = Debug;
		};
		0B88EC6F2FC7116C00F9C352 /* Release */ = {
			isa = XCBuildConfiguration;
			baseConfigurationReference = BB803A6E233B68CA041B73FD /* Pods-DownloadManager.release.xcconfig */;
			buildSettings = {
				ASSETCATALOG_COMPILER_APPICON_NAME = AppIcon;
				ASSETCATALOG_COMPILER_GLOBAL_ACCENT_COLOR_NAME = AccentColor;
				CODE_SIGN_STYLE = Automatic;
				CURRENT_PROJECT_VERSION = 1;
				DEVELOPMENT_ASSET_PATHS = "\"DownloadManager/Preview Content\"";
				DEVELOPMENT_TEAM = 466HP24FN5;
				ENABLE_PREVIEWS = YES;
				GENERATE_INFOPLIST_FILE = YES;
				INFOPLIST_KEY_NSPhotoLibraryAddUsageDescription = "需要访问相册来保存照片和视频";
				INFOPLIST_KEY_NSPhotoLibraryUsageDescription = "需要访问相册来分享照片和视频";
				INFOPLIST_KEY_UIApplicationSceneManifest_Generation = YES;
				INFOPLIST_KEY_UIApplicationSupportsIndirectInputEvents = YES;
				INFOPLIST_KEY_UILaunchScreen_Generation = YES;
				INFOPLIST_KEY_UISupportedInterfaceOrientations_iPad = "UIInterfaceOrientationPortrait UIInterfaceOrientationPortraitUpsideDown UIInterfaceOrientationLandscapeLeft UIInterfaceOrientationLandscapeRight";
				INFOPLIST_KEY_UISupportedInterfaceOrientations_iPhone = "UIInterfaceOrientationPortrait UIInterfaceOrientationLandscapeLeft UIInterfaceOrientationLandscapeRight";
				LD_RUNPATH_SEARCH_PATHS = (
					"$(inherited)",
					"@executable_path/Frameworks",
				);
				MARKETING_VERSION = 1.0;
				PRODUCT_BUNDLE_IDENTIFIER = com.acewei.DownloadManager;
				PRODUCT_NAME = "$(TARGET_NAME)";
				SWIFT_EMIT_LOC_STRINGS = YES;
				SWIFT_VERSION = 5.0;
				TARGETED_DEVICE_FAMILY = "1,2";
			};
			name = Release;
		};
		0B88EC712FC7116C00F9C352 /* Debug */ = {
			isa = XCBuildConfiguration;
			baseConfigurationReference = A647695F19602F166936AC8F /* Pods-DownloadManagerTests.debug.xcconfig */;
			buildSettings = {
				BUNDLE_LOADER = "$(TEST_HOST)";
				CODE_SIGN_STYLE = Automatic;
				CURRENT_PROJECT_VERSION = 1;
				DEVELOPMENT_TEAM = 466HP24FN5;
				GENERATE_INFOPLIST_FILE = YES;
				IPHONEOS_DEPLOYMENT_TARGET = 18.2;
				MARKETING_VERSION = 1.0;
				PRODUCT_BUNDLE_IDENTIFIER = com.acewei.DownloadManagerTests;
				PRODUCT_NAME = "$(TARGET_NAME)";
				SWIFT_EMIT_LOC_STRINGS = NO;
				SWIFT_VERSION = 5.0;
				TARGETED_DEVICE_FAMILY = "1,2";
				TEST_HOST = "$(BUILT_PRODUCTS_DIR)/DownloadManager.app/$(BUNDLE_EXECUTABLE_FOLDER_PATH)/DownloadManager";
			};
			name = Debug;
		};
		0B88EC722FC7116C00F9C352 /* Release */ = {
			isa = XCBuildConfiguration;
			baseConfigurationReference = DFEA2BCCA9C6CFB18CDD4438 /* Pods-DownloadManagerTests.release.xcconfig */;
			buildSettings = {
				BUNDLE_LOADER = "$(TEST_HOST)";
				CODE_SIGN_STYLE = Automatic;
				CURRENT_PROJECT_VERSION = 1;
				DEVELOPMENT_TEAM = 466HP24FN5;
				GENERATE_INFOPLIST_FILE = YES;
				IPHONEOS_DEPLOYMENT_TARGET = 18.2;
				MARKETING_VERSION = 1.0;
				PRODUCT_BUNDLE_IDENTIFIER = com.acewei.DownloadManagerTests;
				PRODUCT_NAME = "$(TARGET_NAME)";
				SWIFT_EMIT_LOC_STRINGS = NO;
				SWIFT_VERSION = 5.0;
				TARGETED_DEVICE_FAMILY = "1,2";
				TEST_HOST = "$(BUILT_PRODUCTS_DIR)/DownloadManager.app/$(BUNDLE_EXECUTABLE_FOLDER_PATH)/DownloadManager";
			};
			name = Release;
		};
		0B88EC742FC7116C00F9C352 /* Debug */ = {
			isa = XCBuildConfiguration;
			buildSettings = {
				CODE_SIGN_STYLE = Automatic;
				CURRENT_PROJECT_VERSION = 1;
				DEVELOPMENT_TEAM = 466HP24FN5;
				GENERATE_INFOPLIST_FILE = YES;
				MARKETING_VERSION = 1.0;
				PRODUCT_BUNDLE_IDENTIFIER = com.acewei.DownloadManagerUITests;
				PRODUCT_NAME = "$(TARGET_NAME)";
				SWIFT_EMIT_LOC_STRINGS = NO;
				SWIFT_VERSION = 5.0;
				TARGETED_DEVICE_FAMILY = "1,2";
				TEST_TARGET_NAME = DownloadManager;
			};
			name = Debug;
		};
		0B88EC752FC7116C00F9C352 /* Release */ = {
			isa = XCBuildConfiguration;
			buildSettings = {
				CODE_SIGN_STYLE = Automatic;
				CURRENT_PROJECT_VERSION = 1;
				DEVELOPMENT_TEAM = 466HP24FN5;
				GENERATE_INFOPLIST_FILE = YES;
				MARKETING_VERSION = 1.0;
				PRODUCT_BUNDLE_IDENTIFIER = com.acewei.DownloadManagerUITests;
				PRODUCT_NAME = "$(TARGET_NAME)";
				SWIFT_EMIT_LOC_STRINGS = NO;
				SWIFT_VERSION = 5.0;
				TARGETED_DEVICE_FAMILY = "1,2";
				TEST_TARGET_NAME = DownloadManager;
			};
			name = Release;
		};
		A1B2C3D4E5F6A7B8C9D0E1F1A /* Debug */ = {
			isa = XCBuildConfiguration;
			baseConfigurationReference = B64B586DFBA94592E7C96ADD /* Pods-DownloadManagerMac.debug.xcconfig */;
			buildSettings = {
				ASSETCATALOG_COMPILER_APPICON_NAME = AppIcon;
				CODE_SIGN_STYLE = Automatic;
				CURRENT_PROJECT_VERSION = 1;
				DEVELOPMENT_TEAM = 466HP24FN5;
				ENABLE_PREVIEWS = YES;
				GENERATE_INFOPLIST_FILE = YES;
				LD_RUNPATH_SEARCH_PATHS = (
					"$(inherited)",
					"@executable_path/../Frameworks",
				);
				MACOSX_DEPLOYMENT_TARGET = 15.0;
				MARKETING_VERSION = 1.0;
				PRODUCT_BUNDLE_IDENTIFIER = com.acewei.DownloadManagerMac;
				PRODUCT_NAME = "$(TARGET_NAME)";
				SDKROOT = macosx;
				SWIFT_EMIT_LOC_STRINGS = YES;
				SWIFT_VERSION = 5.0;
			};
			name = Debug;
		};
		A1B2C3D4E5F6A7B8C9D0E1F1B /* Release */ = {
			isa = XCBuildConfiguration;
			baseConfigurationReference = BEA613F670131F95FD95164F /* Pods-DownloadManagerMac.release.xcconfig */;
			buildSettings = {
				ASSETCATALOG_COMPILER_APPICON_NAME = AppIcon;
				CODE_SIGN_STYLE = Automatic;
				CURRENT_PROJECT_VERSION = 1;
				DEVELOPMENT_TEAM = 466HP24FN5;
				ENABLE_PREVIEWS = YES;
				GENERATE_INFOPLIST_FILE = YES;
				LD_RUNPATH_SEARCH_PATHS = (
					"$(inherited)",
					"@executable_path/../Frameworks",
				);
				MACOSX_DEPLOYMENT_TARGET = 15.0;
				MARKETING_VERSION = 1.0;
				PRODUCT_BUNDLE_IDENTIFIER = com.acewei.DownloadManagerMac;
				PRODUCT_NAME = "$(TARGET_NAME)";
				SDKROOT = macosx;
				SWIFT_EMIT_LOC_STRINGS = YES;
				SWIFT_VERSION = 5.0;
			};
			name = Release;
		};
/* End XCBuildConfiguration section */

/* Begin XCConfigurationList section */
		0B88EC442FC7116A00F9C352 /* Build configuration list for PBXProject "DownloadManager" */ = {
			isa = XCConfigurationList;
			buildConfigurations = (
				0B88EC6B2FC7116C00F9C352 /* Debug */,
				0B88EC6C2FC7116C00F9C352 /* Release */,
			);
			defaultConfigurationIsVisible = 0;
			defaultConfigurationName = Release;
		};
		0B88EC6D2FC7116C00F9C352 /* Build configuration list for PBXNativeTarget "DownloadManager" */ = {
			isa = XCConfigurationList;
			buildConfigurations = (
				0B88EC6E2FC7116C00F9C352 /* Debug */,
				0B88EC6F2FC7116C00F9C352 /* Release */,
			);
			defaultConfigurationIsVisible = 0;
			defaultConfigurationName = Release;
		};
		0B88EC702FC7116C00F9C352 /* Build configuration list for PBXNativeTarget "DownloadManagerTests" */ = {
			isa = XCConfigurationList;
			buildConfigurations = (
				0B88EC712FC7116C00F9C352 /* Debug */,
				0B88EC722FC7116C00F9C352 /* Release */,
			);
			defaultConfigurationIsVisible = 0;
			defaultConfigurationName = Release;
		};
		0B88EC732FC7116C00F9C352 /* Build configuration list for PBXNativeTarget "DownloadManagerUITests" */ = {
			isa = XCConfigurationList;
			buildConfigurations = (
				0B88EC742FC7116C00F9C352 /* Debug */,
				0B88EC752FC7116C00F9C352 /* Release */,
			);
			defaultConfigurationIsVisible = 0;
			defaultConfigurationName = Release;
		};
		A1B2C3D4E5F6A7B8C9D0E1F6 /* Build configuration list for PBXNativeTarget "DownloadManagerMac" */ = {
			isa = XCConfigurationList;
			buildConfigurations = (
				A1B2C3D4E5F6A7B8C9D0E1F1A /* Debug */,
				A1B2C3D4E5F6A7B8C9D0E1F1B /* Release */,
			);
			defaultConfigurationIsVisible = 0;
			defaultConfigurationName = Release;
		};
/* End XCConfigurationList section */
	};
	rootObject = 0B88EC412FC7116A00F9C352 /* Project object */;
}
